
Microsoft Visual Studio Solution File, Format Version 12.00
# Visual Studio Version 16
VisualStudioVersion = 16.0.33328.57
MinimumVisualStudioVersion = 10.0.40219.1
Project("{FAE04EC0-301F-11D3-BF4B-00C04F79EFBC}") = "Multilingual_Anime_Community", "Multilingual_Anime_Community\Multilingual_Anime_Community.csproj", "{1DD90385-3352-4C93-8ABE-F6381C74E4C4}"
EndProject
Global
	GlobalSection(SolutionConfigurationPlatforms) = preSolution
		Debug|Any CPU = Debug|Any CPU
		Release|Any CPU = Release|Any CPU
	EndGlobalSection
	GlobalSection(ProjectConfigurationPlatforms) = postSolution
		{1DD90385-3352-4C93-8ABE-F6381C74E4C4}.Debug|Any CPU.ActiveCfg = Debug|Any CPU
		{1DD90385-3352-4C93-8ABE-F6381C74E4C4}.Debug|Any CPU.Build.0 = Debug|Any CPU
		{1DD90385-3352-4C93-8ABE-F6381C74E4C4}.Release|Any CPU.ActiveCfg = Release|Any CPU
		{1DD90385-3352-4C93-8ABE-F6381C74E4C4}.Release|Any CPU.Build.0 = Release|Any CPU
	EndGlobalSection
	GlobalSection(SolutionProperties) = preSolution
		HideSolutionNode = FALSE
	EndGlobalSection
	GlobalSection(ExtensibilityGlobals) = postSolution
		SolutionGuid = {8A6A0C34-1D4F-4C00-98E6-370160733AE7}
	EndGlobalSection
EndGlobal
